// !$*UTF8*$!
{
	archiveVersion = 1;
	classes = {
	};
	objectVersion = 46;
	objects = {

/* Begin PBXBuildFile section */
		3A0C6642198F10EA00947CE7 /* AudioToolbox.framework in Frameworks */ = {isa = PBXBuildFile; fileRef = 3A0C6638198F10EA00947CE7 /* AudioToolbox.framework */; };
		3A0C6643198F10EA00947CE7 /* CFNetwork.framework in Frameworks */ = {isa = PBXBuildFile; fileRef = 3A0C6639198F10EA00947CE7 /* CFNetwork.framework */; };
		3A0C6644198F10EA00947CE7 /* CoreGraphics.framework in Frameworks */ = {isa = PBXBuildFile; fileRef = 3A0C663A198F10EA00947CE7 /* CoreGraphics.framework */; };
		3A0C6645198F10EA00947CE7 /* CoreLocation.framework in Frameworks */ = {isa = PBXBuildFile; fileRef = 3A0C663B198F10EA00947CE7 /* CoreLocation.framework */; };
		3A0C6646198F10EA00947CE7 /* libz.dylib in Frameworks */ = {isa = PBXBuildFile; fileRef = 3A0C663C198F10EA00947CE7 /* libz.dylib */; };
		3A0C6647198F10EA00947CE7 /* MobileCoreServices.framework in Frameworks */ = {isa = PBXBuildFile; fileRef = 3A0C663D198F10EA00947CE7 /* MobileCoreServices.framework */; };
		3A0C6648198F10EA00947CE7 /* QuartzCore.framework in Frameworks */ = {isa = PBXBuildFile; fileRef = 3A0C663E198F10EA00947CE7 /* QuartzCore.framework */; };
		3A0C6649198F10EA00947CE7 /* Security.framework in Frameworks */ = {isa = PBXBuildFile; fileRef = 3A0C663F198F10EA00947CE7 /* Security.framework */; };
		3A0C664A198F10EA00947CE7 /* StoreKit.framework in Frameworks */ = {isa = PBXBuildFile; fileRef = 3A0C6640198F10EA00947CE7 /* StoreKit.framework */; };
		3A0C664B198F10EA00947CE7 /* SystemConfiguration.framework in Frameworks */ = {isa = PBXBuildFile; fileRef = 3A0C6641198F10EA00947CE7 /* SystemConfiguration.framework */; };
		3A0C6656198F262D00947CE7 /* QRViewController.m in Sources */ = {isa = PBXBuildFile; fileRef = 3A0C6655198F262D00947CE7 /* QRViewController.m */; };
		3A1D665E198F0C49006EF3F3 /* Parse.framework in Frameworks */ = {isa = PBXBuildFile; fileRef = 3A1D665D198F0C49006EF3F3 /* Parse.framework */; };
		3A27333D198B830300A84092 /* main.m in Sources */ = {isa = PBXBuildFile; fileRef = 3A27333C198B830300A84092 /* main.m */; };
		3A273340198B830300A84092 /* AppDelegate.m in Sources */ = {isa = PBXBuildFile; fileRef = 3A27333F198B830300A84092 /* AppDelegate.m */; };
		3A273343198B830300A84092 /* QRist.xcdatamodeld in Sources */ = {isa = PBXBuildFile; fileRef = 3A273341198B830300A84092 /* QRist.xcdatamodeld */; };
		3A273349198B830300A84092 /* Main.storyboard in Resources */ = {isa = PBXBuildFile; fileRef = 3A273347198B830300A84092 /* Main.storyboard */; };
		3A27334B198B830300A84092 /* Images.xcassets in Resources */ = {isa = PBXBuildFile; fileRef = 3A27334A198B830300A84092 /* Images.xcassets */; };
		3A273357198B830300A84092 /* QRistTests.m in Sources */ = {isa = PBXBuildFile; fileRef = 3A273356198B830300A84092 /* QRistTests.m */; };
		3A3878331996BA250059B02A /* Patient.m in Sources */ = {isa = PBXBuildFile; fileRef = 3A3878321996BA250059B02A /* Patient.m */; };
		3A8449DD1995DBF900A2E207 /* RecordTableViewController.m in Sources */ = {isa = PBXBuildFile; fileRef = 3A8449DC1995DBF900A2E207 /* RecordTableViewController.m */; };
		3A853E441998AC520067FD05 /* CreateRecordTableViewController.m in Sources */ = {isa = PBXBuildFile; fileRef = 3A853E431998AC520067FD05 /* CreateRecordTableViewController.m */; };
		3A853E4B1998BC9B0067FD05 /* search-32.png in Resources */ = {isa = PBXBuildFile; fileRef = 3A853E4A1998BC9B0067FD05 /* search-32.png */; };
		3A853E4D1998BD110067FD05 /* Add.png in Resources */ = {isa = PBXBuildFile; fileRef = 3A853E4C1998BD110067FD05 /* Add.png */; };
		3A853E531998C5740067FD05 /* scan-corners-32.png in Resources */ = {isa = PBXBuildFile; fileRef = 3A853E521998C5740067FD05 /* scan-corners-32.png */; };
		3A853E551998C6E30067FD05 /* corner_scan-25.png in Resources */ = {isa = PBXBuildFile; fileRef = 3A853E541998C6E30067FD05 /* corner_scan-25.png */; };
		3AE4FEF0198F4F5B0082A2E9 /* LoginViewController.m in Sources */ = {isa = PBXBuildFile; fileRef = 3AE4FEEF198F4F5B0082A2E9 /* LoginViewController.m */; };
/* End PBXBuildFile section */

/* Begin PBXContainerItemProxy section */
		3A273351198B830300A84092 /* PBXContainerItemProxy */ = {
			isa = PBXContainerItemProxy;
			containerPortal = 3A27332F198B830300A84092 /* Project object */;
			proxyType = 1;
			remoteGlobalIDString = 3A273336198B830300A84092;
			remoteInfo = QRist;
		};
/* End PBXContainerItemProxy section */

/* Begin PBXFileReference section */
		3A0C6638198F10EA00947CE7 /* AudioToolbox.framework */ = {isa = PBXFileReference; lastKnownFileType = wrapper.framework; name = AudioToolbox.framework; path = System/Library/Frameworks/AudioToolbox.framework; sourceTree = SDKROOT; };
		3A0C6639198F10EA00947CE7 /* CFNetwork.framework */ = {isa = PBXFileReference; lastKnownFileType = wrapper.framework; name = CFNetwork.framework; path = System/Library/Frameworks/CFNetwork.framework; sourceTree = SDKROOT; };
		3A0C663A198F10EA00947CE7 /* CoreGraphics.framework */ = {isa = PBXFileReference; lastKnownFileType = wrapper.framework; name = CoreGraphics.framework; path = System/Library/Frameworks/CoreGraphics.framework; sourceTree = SDKROOT; };
		3A0C663B198F10EA00947CE7 /* CoreLocation.framework */ = {isa = PBXFileReference; lastKnownFileType = wrapper.framework; name = CoreLocation.framework; path = System/Library/Frameworks/CoreLocation.framework; sourceTree = SDKROOT; };
		3A0C663C198F10EA00947CE7 /* libz.dylib */ = {isa = PBXFileReference; lastKnownFileType = "compiled.mach-o.dylib"; name = libz.dylib; path = usr/lib/libz.dylib; sourceTree = SDKROOT; };
		3A0C663D198F10EA00947CE7 /* MobileCoreServices.framework */ = {isa = PBXFileReference; lastKnownFileType = wrapper.framework; name = MobileCoreServices.framework; path = System/Library/Frameworks/MobileCoreServices.framework; sourceTree = SDKROOT; };
		3A0C663E198F10EA00947CE7 /* QuartzCore.framework */ = {isa = PBXFileReference; lastKnownFileType = wrapper.framework; name = QuartzCore.framework; path = System/Library/Frameworks/QuartzCore.framework; sourceTree = SDKROOT; };
		3A0C663F198F10EA00947CE7 /* Security.framework */ = {isa = PBXFileReference; lastKnownFileType = wrapper.framework; name = Security.framework; path = System/Library/Frameworks/Security.framework; sourceTree = SDKROOT; };
		3A0C6640198F10EA00947CE7 /* StoreKit.framework */ = {isa = PBXFileReference; lastKnownFileType = wrapper.framework; name = StoreKit.framework; path = System/Library/Frameworks/StoreKit.framework; sourceTree = SDKROOT; };
		3A0C6641198F10EA00947CE7 /* SystemConfiguration.framework */ = {isa = PBXFileReference; lastKnownFileType = wrapper.framework; name = SystemConfiguration.framework; path = System/Library/Frameworks/SystemConfiguration.framework; sourceTree = SDKROOT; };
		3A0C6654198F262D00947CE7 /* QRViewController.h */ = {isa = PBXFileReference; fileEncoding = 4; lastKnownFileType = sourcecode.c.h; path = QRViewController.h; sourceTree = "<group>"; };
		3A0C6655198F262D00947CE7 /* QRViewController.m */ = {isa = PBXFileReference; fileEncoding = 4; lastKnownFileType = sourcecode.c.objc; path = QRViewController.m; sourceTree = "<group>"; };
		3A1D665D198F0C49006EF3F3 /* Parse.framework */ = {isa = PBXFileReference; lastKnownFileType = wrapper.framework; name = Parse.framework; path = ../Parse.framework; sourceTree = "<group>"; };
		3A273337198B830300A84092 /* QRist.app */ = {isa = PBXFileReference; explicitFileType = wrapper.application; includeInIndex = 0; path = QRist.app; sourceTree = BUILT_PRODUCTS_DIR; };
		3A27333B198B830300A84092 /* Info.plist */ = {isa = PBXFileReference; lastKnownFileType = text.plist.xml; path = Info.plist; sourceTree = "<group>"; };
		3A27333C198B830300A84092 /* main.m */ = {isa = PBXFileReference; lastKnownFileType = sourcecode.c.objc; path = main.m; sourceTree = "<group>"; };
		3A27333E198B830300A84092 /* AppDelegate.h */ = {isa = PBXFileReference; lastKnownFileType = sourcecode.c.h; path = AppDelegate.h; sourceTree = "<group>"; };
		3A27333F198B830300A84092 /* AppDelegate.m */ = {isa = PBXFileReference; lastKnownFileType = sourcecode.c.objc; path = AppDelegate.m; sourceTree = "<group>"; };
		3A273342198B830300A84092 /* QRist.xcdatamodel */ = {isa = PBXFileReference; lastKnownFileType = wrapper.xcdatamodel; path = QRist.xcdatamodel; sourceTree = "<group>"; };
		3A273348198B830300A84092 /* Base */ = {isa = PBXFileReference; lastKnownFileType = file.storyboard; name = Base; path = Base.lproj/Main.storyboard; sourceTree = "<group>"; };
		3A27334A198B830300A84092 /* Images.xcassets */ = {isa = PBXFileReference; lastKnownFileType = folder.assetcatalog; path = Images.xcassets; sourceTree = "<group>"; };
		3A273350198B830300A84092 /* QRistTests.xctest */ = {isa = PBXFileReference; explicitFileType = wrapper.cfbundle; includeInIndex = 0; path = QRistTests.xctest; sourceTree = BUILT_PRODUCTS_DIR; };
		3A273355198B830300A84092 /* Info.plist */ = {isa = PBXFileReference; lastKnownFileType = text.plist.xml; path = Info.plist; sourceTree = "<group>"; };
		3A273356198B830300A84092 /* QRistTests.m */ = {isa = PBXFileReference; lastKnownFileType = sourcecode.c.objc; path = QRistTests.m; sourceTree = "<group>"; };
		3A3878311996BA250059B02A /* Patient.h */ = {isa = PBXFileReference; fileEncoding = 4; lastKnownFileType = sourcecode.c.h; path = Patient.h; sourceTree = "<group>"; };
		3A3878321996BA250059B02A /* Patient.m */ = {isa = PBXFileReference; fileEncoding = 4; lastKnownFileType = sourcecode.c.objc; path = Patient.m; sourceTree = "<group>"; };
		3A8449DB1995DBF900A2E207 /* RecordTableViewController.h */ = {isa = PBXFileReference; fileEncoding = 4; lastKnownFileType = sourcecode.c.h; path = RecordTableViewController.h; sourceTree = "<group>"; };
		3A8449DC1995DBF900A2E207 /* RecordTableViewController.m */ = {isa = PBXFileReference; fileEncoding = 4; lastKnownFileType = sourcecode.c.objc; path = RecordTableViewController.m; sourceTree = "<group>"; };
		3A853E421998AC520067FD05 /* CreateRecordTableViewController.h */ = {isa = PBXFileReference; fileEncoding = 4; lastKnownFileType = sourcecode.c.h; path = CreateRecordTableViewController.h; sourceTree = "<group>"; };
		3A853E431998AC520067FD05 /* CreateRecordTableViewController.m */ = {isa = PBXFileReference; fileEncoding = 4; lastKnownFileType = sourcecode.c.objc; path = CreateRecordTableViewController.m; sourceTree = "<group>"; };
		3A853E4A1998BC9B0067FD05 /* search-32.png */ = {isa = PBXFileReference; lastKnownFileType = image.png; path = "search-32.png"; sourceTree = "<group>"; };
		3A853E4C1998BD110067FD05 /* Add.png */ = {isa = PBXFileReference; lastKnownFileType = image.png; path = Add.png; sourceTree = "<group>"; };
		3A853E521998C5740067FD05 /* scan-corners-32.png */ = {isa = PBXFileReference; lastKnownFileType = image.png; path = "scan-corners-32.png"; sourceTree = "<group>"; };
		3A853E541998C6E30067FD05 /* corner_scan-25.png */ = {isa = PBXFileReference; lastKnownFileType = image.png; path = "corner_scan-25.png"; sourceTree = "<group>"; };
		3AE4FEEE198F4F5B0082A2E9 /* LoginViewController.h */ = {isa = PBXFileReference; fileEncoding = 4; lastKnownFileType = sourcecode.c.h; path = LoginViewController.h; sourceTree = "<group>"; };
		3AE4FEEF198F4F5B0082A2E9 /* LoginViewController.m */ = {isa = PBXFileReference; fileEncoding = 4; lastKnownFileType = sourcecode.c.objc; path = LoginViewController.m; sourceTree = "<group>"; };
/* End PBXFileReference section */

/* Begin PBXFrameworksBuildPhase section */
		3A273334198B830300A84092 /* Frameworks */ = {
			isa = PBXFrameworksBuildPhase;
			buildActionMask = 2147483647;
			files = (
				3A0C6642198F10EA00947CE7 /* AudioToolbox.framework in Frameworks */,
				3A0C6643198F10EA00947CE7 /* CFNetwork.framework in Frameworks */,
				3A0C6644198F10EA00947CE7 /* CoreGraphics.framework in Frameworks */,
				3A0C6645198F10EA00947CE7 /* CoreLocation.framework in Frameworks */,
				3A0C6646198F10EA00947CE7 /* libz.dylib in Frameworks */,
				3A0C6647198F10EA00947CE7 /* MobileCoreServices.framework in Frameworks */,
				3A0C6648198F10EA00947CE7 /* QuartzCore.framework in Frameworks */,
				3A0C6649198F10EA00947CE7 /* Security.framework in Frameworks */,
				3A0C664A198F10EA00947CE7 /* StoreKit.framework in Frameworks */,
				3A0C664B198F10EA00947CE7 /* SystemConfiguration.framework in Frameworks */,
				3A1D665E198F0C49006EF3F3 /* Parse.framework in Frameworks */,
			);
			runOnlyForDeploymentPostprocessing = 0;
		};
		3A27334D198B830300A84092 /* Frameworks */ = {
			isa = PBXFrameworksBuildPhase;
			buildActionMask = 2147483647;
			files = (
			);
			runOnlyForDeploymentPostprocessing = 0;
		};
/* End PBXFrameworksBuildPhase section */

/* Begin PBXGroup section */
		3A27332E198B830300A84092 = {
			isa = PBXGroup;
			children = (
				3A273339198B830300A84092 /* QRist */,
				3A273353198B830300A84092 /* QRistTests */,
				3A273338198B830300A84092 /* Products */,
			);
			sourceTree = "<group>";
		};
		3A273338198B830300A84092 /* Products */ = {
			isa = PBXGroup;
			children = (
				3A273337198B830300A84092 /* QRist.app */,
				3A273350198B830300A84092 /* QRistTests.xctest */,
			);
			name = Products;
			sourceTree = "<group>";
		};
		3A273339198B830300A84092 /* QRist */ = {
			isa = PBXGroup;
			children = (
				3A273347198B830300A84092 /* Main.storyboard */,
				3A853E471998BB3D0067FD05 /* Images */,
				3A27334A198B830300A84092 /* Images.xcassets */,
				3A273341198B830300A84092 /* QRist.xcdatamodeld */,
				3A3878341996BAD80059B02A /* Models */,
				3AE4FEED198F4F270082A2E9 /* Controllers */,
				3A27333A198B830300A84092 /* Supporting Files */,
			);
			path = QRist;
			sourceTree = "<group>";
		};
		3A27333A198B830300A84092 /* Supporting Files */ = {
			isa = PBXGroup;
			children = (
				3A0C6638198F10EA00947CE7 /* AudioToolbox.framework */,
				3A0C6639198F10EA00947CE7 /* CFNetwork.framework */,
				3A0C663A198F10EA00947CE7 /* CoreGraphics.framework */,
				3A0C663B198F10EA00947CE7 /* CoreLocation.framework */,
				3A0C663C198F10EA00947CE7 /* libz.dylib */,
				3A0C663D198F10EA00947CE7 /* MobileCoreServices.framework */,
				3A0C663E198F10EA00947CE7 /* QuartzCore.framework */,
				3A0C663F198F10EA00947CE7 /* Security.framework */,
				3A0C6640198F10EA00947CE7 /* StoreKit.framework */,
				3A0C6641198F10EA00947CE7 /* SystemConfiguration.framework */,
				3A1D665D198F0C49006EF3F3 /* Parse.framework */,
				3A27333E198B830300A84092 /* AppDelegate.h */,
				3A27333F198B830300A84092 /* AppDelegate.m */,
				3A27333B198B830300A84092 /* Info.plist */,
				3A27333C198B830300A84092 /* main.m */,
			);
			name = "Supporting Files";
			sourceTree = "<group>";
		};
		3A273353198B830300A84092 /* QRistTests */ = {
			isa = PBXGroup;
			children = (
				3A273356198B830300A84092 /* QRistTests.m */,
				3A273354198B830300A84092 /* Supporting Files */,
			);
			path = QRistTests;
			sourceTree = "<group>";
		};
		3A273354198B830300A84092 /* Supporting Files */ = {
			isa = PBXGroup;
			children = (
				3A273355198B830300A84092 /* Info.plist */,
			);
			name = "Supporting Files";
			sourceTree = "<group>";
		};
		3A3878341996BAD80059B02A /* Models */ = {
			isa = PBXGroup;
			children = (
				3A3878311996BA250059B02A /* Patient.h */,
				3A3878321996BA250059B02A /* Patient.m */,
			);
			name = Models;
			sourceTree = "<group>";
		};
		3A853E471998BB3D0067FD05 /* Images */ = {
			isa = PBXGroup;
			children = (
				3A853E541998C6E30067FD05 /* corner_scan-25.png */,
				3A853E521998C5740067FD05 /* scan-corners-32.png */,
				3A853E4C1998BD110067FD05 /* Add.png */,
				3A853E4A1998BC9B0067FD05 /* search-32.png */,
			);
			name = Images;
			sourceTree = "<group>";
		};
		3AE4FEED198F4F270082A2E9 /* Controllers */ = {
			isa = PBXGroup;
			children = (
				3A0C6654198F262D00947CE7 /* QRViewController.h */,
				3A0C6655198F262D00947CE7 /* QRViewController.m */,
				3AE4FEEE198F4F5B0082A2E9 /* LoginViewController.h */,
				3AE4FEEF198F4F5B0082A2E9 /* LoginViewController.m */,
				3A8449DB1995DBF900A2E207 /* RecordTableViewController.h */,
				3A8449DC1995DBF900A2E207 /* RecordTableViewController.m */,
				3A853E421998AC520067FD05 /* CreateRecordTableViewController.h */,
				3A853E431998AC520067FD05 /* CreateRecordTableViewController.m */,
			);
			name = Controllers;
			sourceTree = "<group>";
		};
/* End PBXGroup section */

/* Begin PBXNativeTarget section */
		3A273336198B830300A84092 /* QRist */ = {
			isa = PBXNativeTarget;
			buildConfigurationList = 3A27335A198B830300A84092 /* Build configuration list for PBXNativeTarget "QRist" */;
			buildPhases = (
				3A273333198B830300A84092 /* Sources */,
				3A273334198B830300A84092 /* Frameworks */,
				3A273335198B830300A84092 /* Resources */,
			);
			buildRules = (
			);
			dependencies = (
			);
			name = QRist;
			productName = QRist;
			productReference = 3A273337198B830300A84092 /* QRist.app */;
			productType = "com.apple.product-type.application";
		};
		3A27334F198B830300A84092 /* QRistTests */ = {
			isa = PBXNativeTarget;
			buildConfigurationList = 3A27335D198B830300A84092 /* Build configuration list for PBXNativeTarget "QRistTests" */;
			buildPhases = (
				3A27334C198B830300A84092 /* Sources */,
				3A27334D198B830300A84092 /* Frameworks */,
				3A27334E198B830300A84092 /* Resources */,
			);
			buildRules = (
			);
			dependencies = (
				3A273352198B830300A84092 /* PBXTargetDependency */,
			);
			name = QRistTests;
			productName = QRistTests;
			productReference = 3A273350198B830300A84092 /* QRistTests.xctest */;
			productType = "com.apple.product-type.bundle.unit-test";
		};
/* End PBXNativeTarget section */

/* Begin PBXProject section */
		3A27332F198B830300A84092 /* Project object */ = {
			isa = PBXProject;
			attributes = {
				LastUpgradeCheck = 0600;
				ORGANIZATIONNAME = QRist;
				TargetAttributes = {
					3A273336198B830300A84092 = {
						CreatedOnToolsVersion = 6.0;
					};
					3A27334F198B830300A84092 = {
						CreatedOnToolsVersion = 6.0;
						TestTargetID = 3A273336198B830300A84092;
					};
				};
			};
			buildConfigurationList = 3A273332198B830300A84092 /* Build configuration list for PBXProject "QRist" */;
			compatibilityVersion = "Xcode 3.2";
			developmentRegion = English;
			hasScannedForEncodings = 0;
			knownRegions = (
				en,
				Base,
			);
			mainGroup = 3A27332E198B830300A84092;
			productRefGroup = 3A273338198B830300A84092 /* Products */;
			projectDirPath = "";
			projectRoot = "";
			targets = (
				3A273336198B830300A84092 /* QRist */,
				3A27334F198B830300A84092 /* QRistTests */,
			);
		};
/* End PBXProject section */

/* Begin PBXResourcesBuildPhase section */
		3A273335198B830300A84092 /* Resources */ = {
			isa = PBXResourcesBuildPhase;
			buildActionMask = 2147483647;
			files = (
				3A853E551998C6E30067FD05 /* corner_scan-25.png in Resources */,
				3A853E4B1998BC9B0067FD05 /* search-32.png in Resources */,
				3A273349198B830300A84092 /* Main.storyboard in Resources */,
				3A27334B198B830300A84092 /* Images.xcassets in Resources */,
				3A853E4D1998BD110067FD05 /* Add.png in Resources */,
				3A853E531998C5740067FD05 /* scan-corners-32.png in Resources */,
			);
			runOnlyForDeploymentPostprocessing = 0;
		};
		3A27334E198B830300A84092 /* Resources */ = {
			isa = PBXResourcesBuildPhase;
			buildActionMask = 2147483647;
			files = (
			);
			runOnlyForDeploymentPostprocessing = 0;
		};
/* End PBXResourcesBuildPhase section */

/* Begin PBXSourcesBuildPhase section */
		3A273333198B830300A84092 /* Sources */ = {
			isa = PBXSourcesBuildPhase;
			buildActionMask = 2147483647;
			files = (
				3A273343198B830300A84092 /* QRist.xcdatamodeld in Sources */,
				3A3878331996BA250059B02A /* Patient.m in Sources */,
				3A853E441998AC520067FD05 /* CreateRecordTableViewController.m in Sources */,
				3A273340198B830300A84092 /* AppDelegate.m in Sources */,
				3A27333D198B830300A84092 /* main.m in Sources */,
				3A0C6656198F262D00947CE7 /* QRViewController.m in Sources */,
				3A8449DD1995DBF900A2E207 /* RecordTableViewController.m in Sources */,
				3AE4FEF0198F4F5B0082A2E9 /* LoginViewController.m in Sources */,
			);
			runOnlyForDeploymentPostprocessing = 0;
		};
		3A27334C198B830300A84092 /* Sources */ = {
			isa = PBXSourcesBuildPhase;
			buildActionMask = 2147483647;
			files = (
				3A273357198B830300A84092 /* QRistTests.m in Sources */,
			);
			runOnlyForDeploymentPostprocessing = 0;
		};
/* End PBXSourcesBuildPhase section */

/* Begin PBXTargetDependency section */
		3A273352198B830300A84092 /* PBXTargetDependency */ = {
			isa = PBXTargetDependency;
			target = 3A273336198B830300A84092 /* QRist */;
			targetProxy = 3A273351198B830300A84092 /* PBXContainerItemProxy */;
		};
/* End PBXTargetDependency section */

/* Begin PBXVariantGroup section */
		3A273347198B830300A84092 /* Main.storyboard */ = {
			isa = PBXVariantGroup;
			children = (
				3A273348198B830300A84092 /* Base */,
			);
			name = Main.storyboard;
			sourceTree = "<group>";
		};
/* End PBXVariantGroup section */

/* Begin XCBuildConfiguration section */
		3A273358198B830300A84092 /* Debug */ = {
			isa = XCBuildConfiguration;
			buildSettings = {
				ALWAYS_SEARCH_USER_PATHS = NO;
				CLANG_CXX_LANGUAGE_STANDARD = "gnu++0x";
				CLANG_CXX_LIBRARY = "libc++";
				CLANG_ENABLE_MODULES = YES;
				CLANG_ENABLE_OBJC_ARC = NO;
				CLANG_WARN_BOOL_CONVERSION = YES;
				CLANG_WARN_CONSTANT_CONVERSION = YES;
				CLANG_WARN_DIRECT_OBJC_ISA_USAGE = YES_ERROR;
				CLANG_WARN_EMPTY_BODY = YES;
				CLANG_WARN_ENUM_CONVERSION = YES;
				CLANG_WARN_INT_CONVERSION = YES;
				CLANG_WARN_OBJC_ROOT_CLASS = YES_ERROR;
				CLANG_WARN_UNREACHABLE_CODE = YES;
				CLANG_WARN__DUPLICATE_METHOD_MATCH = YES;
				"CODE_SIGN_IDENTITY[sdk=iphoneos*]" = "iPhone Developer";
				COPY_PHASE_STRIP = NO;
				ENABLE_STRICT_OBJC_MSGSEND = YES;
				GCC_C_LANGUAGE_STANDARD = gnu99;
				GCC_DYNAMIC_NO_PIC = NO;
				GCC_OPTIMIZATION_LEVEL = 0;
				GCC_PREPROCESSOR_DEFINITIONS = (
					"DEBUG=1",
					"$(inherited)",
				);
				GCC_SYMBOLS_PRIVATE_EXTERN = NO;
				GCC_WARN_64_TO_32_BIT_CONVERSION = YES;
				GCC_WARN_ABOUT_RETURN_TYPE = YES_ERROR;
				GCC_WARN_UNDECLARED_SELECTOR = YES;
				GCC_WARN_UNINITIALIZED_AUTOS = YES_AGGRESSIVE;
				GCC_WARN_UNUSED_FUNCTION = YES;
				GCC_WARN_UNUSED_VARIABLE = YES;
				IPHONEOS_DEPLOYMENT_TARGET = 8.0;
				MTL_ENABLE_DEBUG_INFO = YES;
				ONLY_ACTIVE_ARCH = YES;
				SDKROOT = iphoneos;
			};
			name = Debug;
		};
		3A273359198B830300A84092 /* Release */ = {
			isa = XCBuildConfiguration;
			buildSettings = {
				ALWAYS_SEARCH_USER_PATHS = NO;
				CLANG_CXX_LANGUAGE_STANDARD = "gnu++0x";
				CLANG_CXX_LIBRARY = "libc++";
				CLANG_ENABLE_MODULES = YES;
				CLANG_ENABLE_OBJC_ARC = NO;
				CLANG_WARN_BOOL_CONVERSION = YES;
				CLANG_WARN_CONSTANT_CONVERSION = YES;
				CLANG_WARN_DIRECT_OBJC_ISA_USAGE = YES_ERROR;
				CLANG_WARN_EMPTY_BODY = YES;
				CLANG_WARN_ENUM_CONVERSION = YES;
				CLANG_WARN_INT_CONVERSION = YES;
				CLANG_WARN_OBJC_ROOT_CLASS = YES_ERROR;
				CLANG_WARN_UNREACHABLE_CODE = YES;
				CLANG_WARN__DUPLICATE_METHOD_MATCH = YES;
				"CODE_SIGN_IDENTITY[sdk=iphoneos*]" = "iPhone Developer";
				COPY_PHASE_STRIP = YES;
				ENABLE_NS_ASSERTIONS = NO;
				ENABLE_STRICT_OBJC_MSGSEND = YES;
				GCC_C_LANGUAGE_STANDARD = gnu99;
				GCC_WARN_64_TO_32_BIT_CONVERSION = YES;
				GCC_WARN_ABOUT_RETURN_TYPE = YES_ERROR;
				GCC_WARN_UNDECLARED_SELECTOR = YES;
				GCC_WARN_UNINITIALIZED_AUTOS = YES_AGGRESSIVE;
				GCC_WARN_UNUSED_FUNCTION = YES;
				GCC_WARN_UNUSED_VARIABLE = YES;
				IPHONEOS_DEPLOYMENT_TARGET = 8.0;
				MTL_ENABLE_DEBUG_INFO = NO;
				SDKROOT = iphoneos;
				VALIDATE_PRODUCT = YES;
			};
			name = Release;
		};
		3A27335B198B830300A84092 /* Debug */ = {
			isa = XCBuildConfiguration;
			buildSettings = {
				ASSETCATALOG_COMPILER_APPICON_NAME = AppIcon;
				ASSETCATALOG_COMPILER_LAUNCHIMAGE_NAME = LaunchImage;
				FRAMEWORK_SEARCH_PATHS = (
					"$(inherited)",
					"$(PROJECT_DIR)",
				);
				INFOPLIST_FILE = QRist/Info.plist;
				IPHONEOS_DEPLOYMENT_TARGET = 7.0;
				LD_RUNPATH_SEARCH_PATHS = "$(inherited) @executable_path/Frameworks";
				PRODUCT_NAME = "$(TARGET_NAME)";
			};
			name = Debug;
		};
		3A27335C198B830300A84092 /* Release */ = {
			isa = XCBuildConfiguration;
			buildSettings = {
				ASSETCATALOG_COMPILER_APPICON_NAME = AppIcon;
				ASSETCATALOG_COMPILER_LAUNCHIMAGE_NAME = LaunchImage;
				FRAMEWORK_SEARCH_PATHS = (
					"$(inherited)",
					"$(PROJECT_DIR)",
				);
				INFOPLIST_FILE = QRist/Info.plist;
				IPHONEOS_DEPLOYMENT_TARGET = 7.0;
				LD_RUNPATH_SEARCH_PATHS = "$(inherited) @executable_path/Frameworks";
				PRODUCT_NAME = "$(TARGET_NAME)";
			};
			name = Release;
		};
		3A27335E198B830300A84092 /* Debug */ = {
			isa = XCBuildConfiguration;
			buildSettings = {
				BUNDLE_LOADER = "$(BUILT_PRODUCTS_DIR)/QRist.app/QRist";
				FRAMEWORK_SEARCH_PATHS = (
					"$(SDKROOT)/Developer/Library/Frameworks",
					"$(inherited)",
				);
				GCC_PREPROCESSOR_DEFINITIONS = (
					"DEBUG=1",
					"$(inherited)",
				);
				INFOPLIST_FILE = QRistTests/Info.plist;
				LD_RUNPATH_SEARCH_PATHS = "$(inherited) @executable_path/Frameworks @loader_path/Frameworks";
				PRODUCT_NAME = "$(TARGET_NAME)";
				TEST_HOST = "$(BUNDLE_LOADER)";
			};
			name = Debug;
		};
		3A27335F198B830300A84092 /* Release */ = {
			isa = XCBuildConfiguration;
			buildSettings = {
				BUNDLE_LOADER = "$(BUILT_PRODUCTS_DIR)/QRist.app/QRist";
				FRAMEWORK_SEARCH_PATHS = (
					"$(SDKROOT)/Developer/Library/Frameworks",
					"$(inherited)",
				);
				INFOPLIST_FILE = QRistTests/Info.plist;
				LD_RUNPATH_SEARCH_PATHS = "$(inherited) @executable_path/Frameworks @loader_path/Frameworks";
				PRODUCT_NAME = "$(TARGET_NAME)";
				TEST_HOST = "$(BUNDLE_LOADER)";
			};
			name = Release;
		};
/* End XCBuildConfiguration section */

/* Begin XCConfigurationList section */
		3A273332198B830300A84092 /* Build configuration list for PBXProject "QRist" */ = {
			isa = XCConfigurationList;
			buildConfigurations = (
				3A273358198B830300A84092 /* Debug */,
				3A273359198B830300A84092 /* Release */,
			);
			defaultConfigurationIsVisible = 0;
			defaultConfigurationName = Release;
		};
		3A27335A198B830300A84092 /* Build configuration list for PBXNativeTarget "QRist" */ = {
			isa = XCConfigurationList;
			buildConfigurations = (
				3A27335B198B830300A84092 /* Debug */,
				3A27335C198B830300A84092 /* Release */,
			);
			defaultConfigurationIsVisible = 0;
			defaultConfigurationName = Release;
		};
		3A27335D198B830300A84092 /* Build configuration list for PBXNativeTarget "QRistTests" */ = {
			isa = XCConfigurationList;
			buildConfigurations = (
				3A27335E198B830300A84092 /* Debug */,
				3A27335F198B830300A84092 /* Release */,
			);
			defaultConfigurationIsVisible = 0;
			defaultConfigurationName = Release;
		};
/* End XCConfigurationList section */

/* Begin XCVersionGroup section */
		3A273341198B830300A84092 /* QRist.xcdatamodeld */ = {
			isa = XCVersionGroup;
			children = (
				3A273342198B830300A84092 /* QRist.xcdatamodel */,
			);
			currentVersion = 3A273342198B830300A84092 /* QRist.xcdatamodel */;
			path = QRist.xcdatamodeld;
			sourceTree = "<group>";
			versionGroupType = wrapper.xcdatamodel;
		};
/* End XCVersionGroup section */
	};
	rootObject = 3A27332F198B830300A84092 /* Project object */;
}
